
Microsoft Visual Studio Solution File, Format Version 10.00
# Visual Studio 2008
Project("{8BC9CEB8-8B4A-11D0-8D11-00A0C91BC942}") = "AVCXaccess", "AVCXaccess.vcproj", "{03B03648-F500-4288-8BBC-46DE6A69FAF4}"
EndProject
Global
	GlobalSection(SolutionConfigurationPlatforms) = preSolution
		Debug|Win32 = Debug|Win32
		Release|Win32 = Release|Win32
	EndGlobalSection
	GlobalSection(ProjectConfigurationPlatforms) = postSolution
		{03B03648-F500-4288-8BBC-46DE6A69FAF4}.Debug|Win32.ActiveCfg = Debug|Win32
		{03B03648-F500-4288-8BBC-46DE6A69FAF4}.Debug|Win32.Build.0 = Debug|Win32
		{03B03648-F500-4288-8BBC-46DE6A69FAF4}.Release|Win32.ActiveCfg = Release|Win32
		{03B03648-F500-4288-8BBC-46DE6A69FAF4}.Release|Win32.Build.0 = Release|Win32
	EndGlobalSection
	GlobalSection(SolutionProperties) = preSolution
		HideSolutionNode = FALSE
	EndGlobalSection
EndGlobal
