Microsoft Visual Studio Solution File, Format Version 9.00
# Visual C# Express 2005
Project("{FAE04EC0-301F-11D3-BF4B-00C04F79EFBC}") = "Developer Terminal", "Developer Terminal.csproj", "{2F8031BE-C7C0-4D4B-8385-599EB2ED7DD4}"
EndProject
Global
	GlobalSection(SolutionConfigurationPlatforms) = preSolution
		Debug|Any CPU = Debug|Any CPU
		Release|Any CPU = Release|Any CPU
	EndGlobalSection
	GlobalSection(ProjectConfigurationPlatforms) = postSolution
		{2F8031BE-C7C0-4D4B-8385-599EB2ED7DD4}.Debug|Any CPU.ActiveCfg = Debug|Any CPU
		{2F8031BE-C7C0-4D4B-8385-599EB2ED7DD4}.Debug|Any CPU.Build.0 = Debug|Any CPU
		{2F8031BE-C7C0-4D4B-8385-599EB2ED7DD4}.Release|Any CPU.ActiveCfg = Release|Any CPU
		{2F8031BE-C7C0-4D4B-8385-599EB2ED7DD4}.Release|Any CPU.Build.0 = Release|Any CPU
	EndGlobalSection
	GlobalSection(SolutionProperties) = preSolution
		HideSolutionNode = FALSE
	EndGlobalSection
EndGlobal
