
Microsoft Visual Studio Solution File, Format Version 11.00
# Visual Studio 2010
Project("{8BC9CEB8-8B4A-11D0-8D11-00A0C91BC942}") = "F-Bus_SMS_M8", "F-Bus_SMS_M8.vcxproj", "{E224A2F2-46EB-4BC8-A2F5-4788162A0A6A}"
EndProject
Global
	GlobalSection(SolutionConfigurationPlatforms) = preSolution
		Debug|Win32 = Debug|Win32
		Release|Win32 = Release|Win32
	EndGlobalSection
	GlobalSection(ProjectConfigurationPlatforms) = postSolution
		{E224A2F2-46EB-4BC8-A2F5-4788162A0A6A}.Debug|Win32.ActiveCfg = Debug|Win32
		{E224A2F2-46EB-4BC8-A2F5-4788162A0A6A}.Debug|Win32.Build.0 = Debug|Win32
		{E224A2F2-46EB-4BC8-A2F5-4788162A0A6A}.Release|Win32.ActiveCfg = Release|Win32
		{E224A2F2-46EB-4BC8-A2F5-4788162A0A6A}.Release|Win32.Build.0 = Release|Win32
	EndGlobalSection
	GlobalSection(SolutionProperties) = preSolution
		HideSolutionNode = FALSE
	EndGlobalSection
EndGlobal
