
Microsoft Visual Studio Solution File, Format Version 9.00
# Visual Studio 2005
Project("{8BC9CEB8-8B4A-11D0-8D11-00A0C91BC942}") = "DLE_CMD_LIB", "..\DLE_CMD_LIB\DLE_CMD_LIB.vcproj", "{2ADCFA95-DE82-4822-8345-F44613644D6C}"
EndProject
Project("{8BC9CEB8-8B4A-11D0-8D11-00A0C91BC942}") = "CMD_LINE", "..\..\..\CMD_LINE_WC\CMD_LINE_WC.vcproj", "{8E019E26-312A-4999-84E7-79494C7BF19E}"
EndProject
Project("{8BC9CEB8-8B4A-11D0-8D11-00A0C91BC942}") = "DLE_IO_PROC", "..\DLE_IO_PROC\DLE_IO_PROC.vcproj", "{D6DD998B-E47A-4772-8C04-8DE44BF9DD60}"
	ProjectSection(ProjectDependencies) = postProject
		{2ADCFA95-DE82-4822-8345-F44613644D6C} = {2ADCFA95-DE82-4822-8345-F44613644D6C}
	EndProjectSection
EndProject
Project("{8BC9CEB8-8B4A-11D0-8D11-00A0C91BC942}") = "DLE_CMD_PROC", "DLE_CMD_PROC.vcproj", "{EEB20794-311B-4055-8282-AC8E91C0E8A1}"
EndProject
Global
	GlobalSection(SolutionConfigurationPlatforms) = preSolution
		Debug|Win32 = Debug|Win32
		offline_debug|Win32 = offline_debug|Win32
		Release|Win32 = Release|Win32
	EndGlobalSection
	GlobalSection(ProjectConfigurationPlatforms) = postSolution
		{2ADCFA95-DE82-4822-8345-F44613644D6C}.Debug|Win32.ActiveCfg = Debug|Win32
		{2ADCFA95-DE82-4822-8345-F44613644D6C}.Debug|Win32.Build.0 = Debug|Win32
		{2ADCFA95-DE82-4822-8345-F44613644D6C}.offline_debug|Win32.ActiveCfg = Release|Win32
		{2ADCFA95-DE82-4822-8345-F44613644D6C}.offline_debug|Win32.Build.0 = Release|Win32
		{2ADCFA95-DE82-4822-8345-F44613644D6C}.Release|Win32.ActiveCfg = Release|Win32
		{2ADCFA95-DE82-4822-8345-F44613644D6C}.Release|Win32.Build.0 = Release|Win32
		{8E019E26-312A-4999-84E7-79494C7BF19E}.Debug|Win32.ActiveCfg = Debug|Win32
		{8E019E26-312A-4999-84E7-79494C7BF19E}.Debug|Win32.Build.0 = Debug|Win32
		{8E019E26-312A-4999-84E7-79494C7BF19E}.offline_debug|Win32.ActiveCfg = offline_debug|Win32
		{8E019E26-312A-4999-84E7-79494C7BF19E}.offline_debug|Win32.Build.0 = offline_debug|Win32
		{8E019E26-312A-4999-84E7-79494C7BF19E}.Release|Win32.ActiveCfg = Release|Win32
		{8E019E26-312A-4999-84E7-79494C7BF19E}.Release|Win32.Build.0 = Release|Win32
		{D6DD998B-E47A-4772-8C04-8DE44BF9DD60}.Debug|Win32.ActiveCfg = Debug|Win32
		{D6DD998B-E47A-4772-8C04-8DE44BF9DD60}.Debug|Win32.Build.0 = Debug|Win32
		{D6DD998B-E47A-4772-8C04-8DE44BF9DD60}.offline_debug|Win32.ActiveCfg = Release|Win32
		{D6DD998B-E47A-4772-8C04-8DE44BF9DD60}.offline_debug|Win32.Build.0 = Release|Win32
		{D6DD998B-E47A-4772-8C04-8DE44BF9DD60}.Release|Win32.ActiveCfg = Release|Win32
		{D6DD998B-E47A-4772-8C04-8DE44BF9DD60}.Release|Win32.Build.0 = Release|Win32
		{EEB20794-311B-4055-8282-AC8E91C0E8A1}.Debug|Win32.ActiveCfg = Debug|Win32
		{EEB20794-311B-4055-8282-AC8E91C0E8A1}.Debug|Win32.Build.0 = Debug|Win32
		{EEB20794-311B-4055-8282-AC8E91C0E8A1}.offline_debug|Win32.ActiveCfg = Release|Win32
		{EEB20794-311B-4055-8282-AC8E91C0E8A1}.offline_debug|Win32.Build.0 = Release|Win32
		{EEB20794-311B-4055-8282-AC8E91C0E8A1}.Release|Win32.ActiveCfg = Release|Win32
		{EEB20794-311B-4055-8282-AC8E91C0E8A1}.Release|Win32.Build.0 = Release|Win32
	EndGlobalSection
	GlobalSection(SolutionProperties) = preSolution
		HideSolutionNode = FALSE
	EndGlobalSection
EndGlobal
